
Microsoft Visual Studio Solution File, Format Version 12.00
# Visual Studio Version 17
VisualStudioVersion = 17.5.002.0
MinimumVisualStudioVersion = 10.0.40219.1
Project("{9A19103F-16F7-4668-BE54-9A1E7A4F7556}") = "Soru1", "Soru1.csproj", "{C9AB6E26-D568-4408-B1A2-FCBD6DA65813}"
EndProject
Global
	GlobalSection(SolutionConfigurationPlatforms) = preSolution
		Debug|Any CPU = Debug|Any CPU
		Release|Any CPU = Release|Any CPU
	EndGlobalSection
	GlobalSection(ProjectConfigurationPlatforms) = postSolution
		{C9AB6E26-D568-4408-B1A2-FCBD6DA65813}.Debug|Any CPU.ActiveCfg = Debug|Any CPU
		{C9AB6E26-D568-4408-B1A2-FCBD6DA65813}.Debug|Any CPU.Build.0 = Debug|Any CPU
		{C9AB6E26-D568-4408-B1A2-FCBD6DA65813}.Release|Any CPU.ActiveCfg = Release|Any CPU
		{C9AB6E26-D568-4408-B1A2-FCBD6DA65813}.Release|Any CPU.Build.0 = Release|Any CPU
	EndGlobalSection
	GlobalSection(SolutionProperties) = preSolution
		HideSolutionNode = FALSE
	EndGlobalSection
	GlobalSection(ExtensibilityGlobals) = postSolution
		SolutionGuid = {AECE2BD1-6BBF-4CFE-903F-E482B41627C8}
	EndGlobalSection
EndGlobal
