
Microsoft Visual Studio Solution File, Format Version 12.00
# Visual Studio Version 17
VisualStudioVersion = 17.5.002.0
MinimumVisualStudioVersion = 10.0.40219.1
Project("{9A19103F-16F7-4668-BE54-9A1E7A4F7556}") = "Soru5", "Soru5.csproj", "{02BEA61D-50F7-4C88-9F32-2B7D0499F7DB}"
EndProject
Global
	GlobalSection(SolutionConfigurationPlatforms) = preSolution
		Debug|Any CPU = Debug|Any CPU
		Release|Any CPU = Release|Any CPU
	EndGlobalSection
	GlobalSection(ProjectConfigurationPlatforms) = postSolution
		{02BEA61D-50F7-4C88-9F32-2B7D0499F7DB}.Debug|Any CPU.ActiveCfg = Debug|Any CPU
		{02BEA61D-50F7-4C88-9F32-2B7D0499F7DB}.Debug|Any CPU.Build.0 = Debug|Any CPU
		{02BEA61D-50F7-4C88-9F32-2B7D0499F7DB}.Release|Any CPU.ActiveCfg = Release|Any CPU
		{02BEA61D-50F7-4C88-9F32-2B7D0499F7DB}.Release|Any CPU.Build.0 = Release|Any CPU
	EndGlobalSection
	GlobalSection(SolutionProperties) = preSolution
		HideSolutionNode = FALSE
	EndGlobalSection
	GlobalSection(ExtensibilityGlobals) = postSolution
		SolutionGuid = {FFA5DACC-74C3-4B48-BC8F-181DE7155B2C}
	EndGlobalSection
EndGlobal
