
Microsoft Visual Studio Solution File, Format Version 12.00
# Visual Studio Version 17
VisualStudioVersion = 17.5.002.0
MinimumVisualStudioVersion = 10.0.40219.1
Project("{9A19103F-16F7-4668-BE54-9A1E7A4F7556}") = "Soru10", "Soru10.csproj", "{A7D03740-128B-47AE-8B4A-968C140BA2C2}"
EndProject
Global
	GlobalSection(SolutionConfigurationPlatforms) = preSolution
		Debug|Any CPU = Debug|Any CPU
		Release|Any CPU = Release|Any CPU
	EndGlobalSection
	GlobalSection(ProjectConfigurationPlatforms) = postSolution
		{A7D03740-128B-47AE-8B4A-968C140BA2C2}.Debug|Any CPU.ActiveCfg = Debug|Any CPU
		{A7D03740-128B-47AE-8B4A-968C140BA2C2}.Debug|Any CPU.Build.0 = Debug|Any CPU
		{A7D03740-128B-47AE-8B4A-968C140BA2C2}.Release|Any CPU.ActiveCfg = Release|Any CPU
		{A7D03740-128B-47AE-8B4A-968C140BA2C2}.Release|Any CPU.Build.0 = Release|Any CPU
	EndGlobalSection
	GlobalSection(SolutionProperties) = preSolution
		HideSolutionNode = FALSE
	EndGlobalSection
	GlobalSection(ExtensibilityGlobals) = postSolution
		SolutionGuid = {49371D90-7155-4207-A042-5A0DC044D791}
	EndGlobalSection
EndGlobal
