
Microsoft Visual Studio Solution File, Format Version 12.00
# Visual Studio Version 17
VisualStudioVersion = 17.5.002.0
MinimumVisualStudioVersion = 10.0.40219.1
Project("{9A19103F-16F7-4668-BE54-9A1E7A4F7556}") = "Soru5", "Soru5.csproj", "{D367D6C4-1DE5-4DBF-ADC2-3EE8B9E6201B}"
EndProject
Global
	GlobalSection(SolutionConfigurationPlatforms) = preSolution
		Debug|Any CPU = Debug|Any CPU
		Release|Any CPU = Release|Any CPU
	EndGlobalSection
	GlobalSection(ProjectConfigurationPlatforms) = postSolution
		{D367D6C4-1DE5-4DBF-ADC2-3EE8B9E6201B}.Debug|Any CPU.ActiveCfg = Debug|Any CPU
		{D367D6C4-1DE5-4DBF-ADC2-3EE8B9E6201B}.Debug|Any CPU.Build.0 = Debug|Any CPU
		{D367D6C4-1DE5-4DBF-ADC2-3EE8B9E6201B}.Release|Any CPU.ActiveCfg = Release|Any CPU
		{D367D6C4-1DE5-4DBF-ADC2-3EE8B9E6201B}.Release|Any CPU.Build.0 = Release|Any CPU
	EndGlobalSection
	GlobalSection(SolutionProperties) = preSolution
		HideSolutionNode = FALSE
	EndGlobalSection
	GlobalSection(ExtensibilityGlobals) = postSolution
		SolutionGuid = {447A7201-E819-4F5B-8584-B5066EC70688}
	EndGlobalSection
EndGlobal
